// !$*UTF8*$!
{
	archiveVersion = 1;
	classes = {
	};
	objectVersion = 48;
	objects = {

/* Begin PBXBuildFile section */
		17119C1120064D0D0056696B /* Item.swift in Sources */ = {isa = PBXBuildFile; fileRef = 17119C1020064D0D0056696B /* Item.swift */; };
		17119C1320064D150056696B /* Category.swift in Sources */ = {isa = PBXBuildFile; fileRef = 17119C1220064D150056696B /* Category.swift */; };
		172012B11FFE7FE200ED98BC /* AppDelegate.swift in Sources */ = {isa = PBXBuildFile; fileRef = 172012B01FFE7FE200ED98BC /* AppDelegate.swift */; };
		172012B31FFE7FE200ED98BC /* ToDoListViewController.swift in Sources */ = {isa = PBXBuildFile; fileRef = 172012B21FFE7FE200ED98BC /* ToDoListViewController.swift */; };
		172012B61FFE7FE200ED98BC /* Main.storyboard in Resources */ = {isa = PBXBuildFile; fileRef = 172012B41FFE7FE200ED98BC /* Main.storyboard */; };
		172012B81FFE7FE200ED98BC /* Assets.xcassets in Resources */ = {isa = PBXBuildFile; fileRef = 172012B71FFE7FE200ED98BC /* Assets.xcassets */; };
		172012BB1FFE7FE200ED98BC /* LaunchScreen.storyboard in Resources */ = {isa = PBXBuildFile; fileRef = 172012B91FFE7FE200ED98BC /* LaunchScreen.storyboard */; };
		17BC8C57200518750092CBB4 /* CategoryTableViewController.swift in Sources */ = {isa = PBXBuildFile; fileRef = 17BC8C56200518750092CBB4 /* CategoryTableViewController.swift */; };
		4CD4A6151B917BF2A950F098 /* Pods_Todoey.framework in Frameworks */ = {isa = PBXBuildFile; fileRef = FBDD2ED1623423D197DF4E6A /* Pods_Todoey.framework */; };
/* End PBXBuildFile section */

/* Begin PBXFileReference section */
		17119C1020064D0D0056696B /* Item.swift */ = {isa = PBXFileReference; lastKnownFileType = sourcecode.swift; path = Item.swift; sourceTree = "<group>"; };
		17119C1220064D150056696B /* Category.swift */ = {isa = PBXFileReference; lastKnownFileType = sourcecode.swift; path = Category.swift; sourceTree = "<group>"; };
		172012AD1FFE7FE200ED98BC /* Todoey.app */ = {isa = PBXFileReference; explicitFileType = wrapper.application; includeInIndex = 0; path = Todoey.app; sourceTree = BUILT_PRODUCTS_DIR; };
		172012B01FFE7FE200ED98BC /* AppDelegate.swift */ = {isa = PBXFileReference; lastKnownFileType = sourcecode.swift; path = AppDelegate.swift; sourceTree = "<group>"; };
		172012B21FFE7FE200ED98BC /* ToDoListViewController.swift */ = {isa = PBXFileReference; lastKnownFileType = sourcecode.swift; path = ToDoListViewController.swift; sourceTree = "<group>"; };
		172012B51FFE7FE200ED98BC /* Base */ = {isa = PBXFileReference; lastKnownFileType = file.storyboard; name = Base; path = Base.lproj/Main.storyboard; sourceTree = "<group>"; };
		172012B71FFE7FE200ED98BC /* Assets.xcassets */ = {isa = PBXFileReference; lastKnownFileType = folder.assetcatalog; path = Assets.xcassets; sourceTree = "<group>"; };
		172012BA1FFE7FE200ED98BC /* Base */ = {isa = PBXFileReference; lastKnownFileType = file.storyboard; name = Base; path = Base.lproj/LaunchScreen.storyboard; sourceTree = "<group>"; };
		172012BC1FFE7FE200ED98BC /* Info.plist */ = {isa = PBXFileReference; lastKnownFileType = text.plist.xml; path = Info.plist; sourceTree = "<group>"; };
		17BC8C56200518750092CBB4 /* CategoryTableViewController.swift */ = {isa = PBXFileReference; lastKnownFileType = sourcecode.swift; name = CategoryTableViewController.swift; path = Todoey/Controller/CategoryTableViewController.swift; sourceTree = SOURCE_ROOT; };
		6F79A2D1F6A8C8C504254D3A /* Pods-Todoey.release.xcconfig */ = {isa = PBXFileReference; includeInIndex = 1; lastKnownFileType = text.xcconfig; name = "Pods-Todoey.release.xcconfig"; path = "Pods/Target Support Files/Pods-Todoey/Pods-Todoey.release.xcconfig"; sourceTree = "<group>"; };
		B61C1855264B20B8856C8FDD /* Pods-Todoey.debug.xcconfig */ = {isa = PBXFileReference; includeInIndex = 1; lastKnownFileType = text.xcconfig; name = "Pods-Todoey.debug.xcconfig"; path = "Pods/Target Support Files/Pods-Todoey/Pods-Todoey.debug.xcconfig"; sourceTree = "<group>"; };
		FBDD2ED1623423D197DF4E6A /* Pods_Todoey.framework */ = {isa = PBXFileReference; explicitFileType = wrapper.framework; includeInIndex = 0; path = Pods_Todoey.framework; sourceTree = BUILT_PRODUCTS_DIR; };
/* End PBXFileReference section */

/* Begin PBXFrameworksBuildPhase section */
		172012AA1FFE7FE200ED98BC /* Frameworks */ = {
			isa = PBXFrameworksBuildPhase;
			buildActionMask = 2147483647;
			files = (
				4CD4A6151B917BF2A950F098 /* Pods_Todoey.framework in Frameworks */,
			);
			runOnlyForDeploymentPostprocessing = 0;
		};
/* End PBXFrameworksBuildPhase section */

/* Begin PBXGroup section */
		172012A41FFE7FE200ED98BC = {
			isa = PBXGroup;
			children = (
				172012AF1FFE7FE200ED98BC /* Todoey */,
				172012AE1FFE7FE200ED98BC /* Products */,
				D753BA643CC1F9B20EEA9918 /* Pods */,
				76445C923A67096BDB1C19BD /* Frameworks */,
			);
			sourceTree = "<group>";
		};
		172012AE1FFE7FE200ED98BC /* Products */ = {
			isa = PBXGroup;
			children = (
				172012AD1FFE7FE200ED98BC /* Todoey.app */,
			);
			name = Products;
			sourceTree = "<group>";
		};
		172012AF1FFE7FE200ED98BC /* Todoey */ = {
			isa = PBXGroup;
			children = (
				172012B01FFE7FE200ED98BC /* AppDelegate.swift */,
				173781DA2003AE8D005DA924 /* Controller */,
				173781DB2003AE9E005DA924 /* View */,
				173781D92003AE7A005DA924 /* Model */,
				173781DC2003AEC2005DA924 /* Supporting files */,
				172012BC1FFE7FE200ED98BC /* Info.plist */,
			);
			path = Todoey;
			sourceTree = "<group>";
		};
		173781D92003AE7A005DA924 /* Model */ = {
			isa = PBXGroup;
			children = (
				17119C1220064D150056696B /* Category.swift */,
				17119C1020064D0D0056696B /* Item.swift */,
			);
			path = Model;
			sourceTree = "<group>";
		};
		173781DA2003AE8D005DA924 /* Controller */ = {
			isa = PBXGroup;
			children = (
				17BC8C56200518750092CBB4 /* CategoryTableViewController.swift */,
				172012B21FFE7FE200ED98BC /* ToDoListViewController.swift */,
			);
			path = Controller;
			sourceTree = "<group>";
		};
		173781DB2003AE9E005DA924 /* View */ = {
			isa = PBXGroup;
			children = (
				172012B41FFE7FE200ED98BC /* Main.storyboard */,
			);
			path = View;
			sourceTree = "<group>";
		};
		173781DC2003AEC2005DA924 /* Supporting files */ = {
			isa = PBXGroup;
			children = (
				172012B71FFE7FE200ED98BC /* Assets.xcassets */,
				172012B91FFE7FE200ED98BC /* LaunchScreen.storyboard */,
			);
			path = "Supporting files";
			sourceTree = "<group>";
		};
		76445C923A67096BDB1C19BD /* Frameworks */ = {
			isa = PBXGroup;
			children = (
				FBDD2ED1623423D197DF4E6A /* Pods_Todoey.framework */,
			);
			name = Frameworks;
			sourceTree = "<group>";
		};
		D753BA643CC1F9B20EEA9918 /* Pods */ = {
			isa = PBXGroup;
			children = (
				B61C1855264B20B8856C8FDD /* Pods-Todoey.debug.xcconfig */,
				6F79A2D1F6A8C8C504254D3A /* Pods-Todoey.release.xcconfig */,
			);
			name = Pods;
			sourceTree = "<group>";
		};
/* End PBXGroup section */

/* Begin PBXNativeTarget section */
		172012AC1FFE7FE200ED98BC /* Todoey */ = {
			isa = PBXNativeTarget;
			buildConfigurationList = 172012BF1FFE7FE200ED98BC /* Build configuration list for PBXNativeTarget "Todoey" */;
			buildPhases = (
				CC794416382BA12770942447 /* [CP] Check Pods Manifest.lock */,
				172012A91FFE7FE200ED98BC /* Sources */,
				172012AA1FFE7FE200ED98BC /* Frameworks */,
				172012AB1FFE7FE200ED98BC /* Resources */,
				0AEA0B83673038F23C35B6E0 /* [CP] Embed Pods Frameworks */,
				C1522727EBACE8810A6119DE /* [CP] Copy Pods Resources */,
			);
			buildRules = (
			);
			dependencies = (
			);
			name = Todoey;
			productName = Todoey;
			productReference = 172012AD1FFE7FE200ED98BC /* Todoey.app */;
			productType = "com.apple.product-type.application";
		};
/* End PBXNativeTarget section */

/* Begin PBXProject section */
		172012A51FFE7FE200ED98BC /* Project object */ = {
			isa = PBXProject;
			attributes = {
				LastSwiftUpdateCheck = 0920;
				LastUpgradeCheck = 0920;
				ORGANIZATIONNAME = "Hamish Johnson";
				TargetAttributes = {
					172012AC1FFE7FE200ED98BC = {
						CreatedOnToolsVersion = 9.2;
						ProvisioningStyle = Automatic;
					};
				};
			};
			buildConfigurationList = 172012A81FFE7FE200ED98BC /* Build configuration list for PBXProject "Todoey" */;
			compatibilityVersion = "Xcode 8.0";
			developmentRegion = en;
			hasScannedForEncodings = 0;
			knownRegions = (
				en,
				Base,
			);
			mainGroup = 172012A41FFE7FE200ED98BC;
			productRefGroup = 172012AE1FFE7FE200ED98BC /* Products */;
			projectDirPath = "";
			projectRoot = "";
			targets = (
				172012AC1FFE7FE200ED98BC /* Todoey */,
			);
		};
/* End PBXProject section */

/* Begin PBXResourcesBuildPhase section */
		172012AB1FFE7FE200ED98BC /* Resources */ = {
			isa = PBXResourcesBuildPhase;
			buildActionMask = 2147483647;
			files = (
				172012BB1FFE7FE200ED98BC /* LaunchScreen.storyboard in Resources */,
				172012B81FFE7FE200ED98BC /* Assets.xcassets in Resources */,
				172012B61FFE7FE200ED98BC /* Main.storyboard in Resources */,
			);
			runOnlyForDeploymentPostprocessing = 0;
		};
/* End PBXResourcesBuildPhase section */

/* Begin PBXShellScriptBuildPhase section */
		0AEA0B83673038F23C35B6E0 /* [CP] Embed Pods Frameworks */ = {
			isa = PBXShellScriptBuildPhase;
			buildActionMask = 2147483647;
			files = (
			);
			inputPaths = (
				"${SRCROOT}/Pods/Target Support Files/Pods-Todoey/Pods-Todoey-frameworks.sh",
				"${BUILT_PRODUCTS_DIR}/Realm/Realm.framework",
				"${BUILT_PRODUCTS_DIR}/RealmSwift/RealmSwift.framework",
			);
			name = "[CP] Embed Pods Frameworks";
			outputPaths = (
				"${TARGET_BUILD_DIR}/${FRAMEWORKS_FOLDER_PATH}/Realm.framework",
				"${TARGET_BUILD_DIR}/${FRAMEWORKS_FOLDER_PATH}/RealmSwift.framework",
			);
			runOnlyForDeploymentPostprocessing = 0;
			shellPath = /bin/sh;
			shellScript = "\"${SRCROOT}/Pods/Target Support Files/Pods-Todoey/Pods-Todoey-frameworks.sh\"\n";
			showEnvVarsInLog = 0;
		};
		C1522727EBACE8810A6119DE /* [CP] Copy Pods Resources */ = {
			isa = PBXShellScriptBuildPhase;
			buildActionMask = 2147483647;
			files = (
			);
			inputPaths = (
			);
			name = "[CP] Copy Pods Resources";
			outputPaths = (
			);
			runOnlyForDeploymentPostprocessing = 0;
			shellPath = /bin/sh;
			shellScript = "\"${SRCROOT}/Pods/Target Support Files/Pods-Todoey/Pods-Todoey-resources.sh\"\n";
			showEnvVarsInLog = 0;
		};
		CC794416382BA12770942447 /* [CP] Check Pods Manifest.lock */ = {
			isa = PBXShellScriptBuildPhase;
			buildActionMask = 2147483647;
			files = (
			);
			inputPaths = (
				"${PODS_PODFILE_DIR_PATH}/Podfile.lock",
				"${PODS_ROOT}/Manifest.lock",
			);
			name = "[CP] Check Pods Manifest.lock";
			outputPaths = (
				"$(DERIVED_FILE_DIR)/Pods-Todoey-checkManifestLockResult.txt",
			);
			runOnlyForDeploymentPostprocessing = 0;
			shellPath = /bin/sh;
			shellScript = "diff \"${PODS_PODFILE_DIR_PATH}/Podfile.lock\" \"${PODS_ROOT}/Manifest.lock\" > /dev/null\nif [ $? != 0 ] ; then\n    # print error to STDERR\n    echo \"error: The sandbox is not in sync with the Podfile.lock. Run 'pod install' or update your CocoaPods installation.\" >&2\n    exit 1\nfi\n# This output is used by Xcode 'outputs' to avoid re-running this script phase.\necho \"SUCCESS\" > \"${SCRIPT_OUTPUT_FILE_0}\"\n";
			showEnvVarsInLog = 0;
		};
/* End PBXShellScriptBuildPhase section */

/* Begin PBXSourcesBuildPhase section */
		172012A91FFE7FE200ED98BC /* Sources */ = {
			isa = PBXSourcesBuildPhase;
			buildActionMask = 2147483647;
			files = (
				17119C1120064D0D0056696B /* Item.swift in Sources */,
				172012B31FFE7FE200ED98BC /* ToDoListViewController.swift in Sources */,
				172012B11FFE7FE200ED98BC /* AppDelegate.swift in Sources */,
				17BC8C57200518750092CBB4 /* CategoryTableViewController.swift in Sources */,
				17119C1320064D150056696B /* Category.swift in Sources */,
			);
			runOnlyForDeploymentPostprocessing = 0;
		};
/* End PBXSourcesBuildPhase section */

/* Begin PBXVariantGroup section */
		172012B41FFE7FE200ED98BC /* Main.storyboard */ = {
			isa = PBXVariantGroup;
			children = (
				172012B51FFE7FE200ED98BC /* Base */,
			);
			name = Main.storyboard;
			sourceTree = "<group>";
		};
		172012B91FFE7FE200ED98BC /* LaunchScreen.storyboard */ = {
			isa = PBXVariantGroup;
			children = (
				172012BA1FFE7FE200ED98BC /* Base */,
			);
			name = LaunchScreen.storyboard;
			sourceTree = "<group>";
		};
/* End PBXVariantGroup section */

/* Begin XCBuildConfiguration section */
		172012BD1FFE7FE200ED98BC /* Debug */ = {
			isa = XCBuildConfiguration;
			buildSettings = {
				ALWAYS_SEARCH_USER_PATHS = NO;
				CLANG_ANALYZER_NONNULL = YES;
				CLANG_ANALYZER_NUMBER_OBJECT_CONVERSION = YES_AGGRESSIVE;
				CLANG_CXX_LANGUAGE_STANDARD = "gnu++14";
				CLANG_CXX_LIBRARY = "libc++";
				CLANG_ENABLE_MODULES = YES;
				CLANG_ENABLE_OBJC_ARC = YES;
				CLANG_WARN_BLOCK_CAPTURE_AUTORELEASING = YES;
				CLANG_WARN_BOOL_CONVERSION = YES;
				CLANG_WARN_COMMA = YES;
				CLANG_WARN_CONSTANT_CONVERSION = YES;
				CLANG_WARN_DIRECT_OBJC_ISA_USAGE = YES_ERROR;
				CLANG_WARN_DOCUMENTATION_COMMENTS = YES;
				CLANG_WARN_EMPTY_BODY = YES;
				CLANG_WARN_ENUM_CONVERSION = YES;
				CLANG_WARN_INFINITE_RECURSION = YES;
				CLANG_WARN_INT_CONVERSION = YES;
				CLANG_WARN_NON_LITERAL_NULL_CONVERSION = YES;
				CLANG_WARN_OBJC_LITERAL_CONVERSION = YES;
				CLANG_WARN_OBJC_ROOT_CLASS = YES_ERROR;
				CLANG_WARN_RANGE_LOOP_ANALYSIS = YES;
				CLANG_WARN_STRICT_PROTOTYPES = YES;
				CLANG_WARN_SUSPICIOUS_MOVE = YES;
				CLANG_WARN_UNGUARDED_AVAILABILITY = YES_AGGRESSIVE;
				CLANG_WARN_UNREACHABLE_CODE = YES;
				CLANG_WARN__DUPLICATE_METHOD_MATCH = YES;
				CODE_SIGN_IDENTITY = "iPhone Developer";
				COPY_PHASE_STRIP = NO;
				DEBUG_INFORMATION_FORMAT = dwarf;
				ENABLE_STRICT_OBJC_MSGSEND = YES;
				ENABLE_TESTABILITY = YES;
				GCC_C_LANGUAGE_STANDARD = gnu11;
				GCC_DYNAMIC_NO_PIC = NO;
				GCC_NO_COMMON_BLOCKS = YES;
				GCC_OPTIMIZATION_LEVEL = 0;
				GCC_PREPROCESSOR_DEFINITIONS = (
					"DEBUG=1",
					"$(inherited)",
				);
				GCC_WARN_64_TO_32_BIT_CONVERSION = YES;
				GCC_WARN_ABOUT_RETURN_TYPE = YES_ERROR;
				GCC_WARN_UNDECLARED_SELECTOR = YES;
				GCC_WARN_UNINITIALIZED_AUTOS = YES_AGGRESSIVE;
				GCC_WARN_UNUSED_FUNCTION = YES;
				GCC_WARN_UNUSED_VARIABLE = YES;
				IPHONEOS_DEPLOYMENT_TARGET = 11.2;
				MTL_ENABLE_DEBUG_INFO = YES;
				ONLY_ACTIVE_ARCH = YES;
				SDKROOT = iphoneos;
				SWIFT_ACTIVE_COMPILATION_CONDITIONS = DEBUG;
				SWIFT_OPTIMIZATION_LEVEL = "-Onone";
			};
			name = Debug;
		};
		172012BE1FFE7FE200ED98BC /* Release */ = {
			isa = XCBuildConfiguration;
			buildSettings = {
				ALWAYS_SEARCH_USER_PATHS = NO;
				CLANG_ANALYZER_NONNULL = YES;
				CLANG_ANALYZER_NUMBER_OBJECT_CONVERSION = YES_AGGRESSIVE;
				CLANG_CXX_LANGUAGE_STANDARD = "gnu++14";
				CLANG_CXX_LIBRARY = "libc++";
				CLANG_ENABLE_MODULES = YES;
				CLANG_ENABLE_OBJC_ARC = YES;
				CLANG_WARN_BLOCK_CAPTURE_AUTORELEASING = YES;
				CLANG_WARN_BOOL_CONVERSION = YES;
				CLANG_WARN_COMMA = YES;
				CLANG_WARN_CONSTANT_CONVERSION = YES;
				CLANG_WARN_DIRECT_OBJC_ISA_USAGE = YES_ERROR;
				CLANG_WARN_DOCUMENTATION_COMMENTS = YES;
				CLANG_WARN_EMPTY_BODY = YES;
				CLANG_WARN_ENUM_CONVERSION = YES;
				CLANG_WARN_INFINITE_RECURSION = YES;
				CLANG_WARN_INT_CONVERSION = YES;
				CLANG_WARN_NON_LITERAL_NULL_CONVERSION = YES;
				CLANG_WARN_OBJC_LITERAL_CONVERSION = YES;
				CLANG_WARN_OBJC_ROOT_CLASS = YES_ERROR;
				CLANG_WARN_RANGE_LOOP_ANALYSIS = YES;
				CLANG_WARN_STRICT_PROTOTYPES = YES;
				CLANG_WARN_SUSPICIOUS_MOVE = YES;
				CLANG_WARN_UNGUARDED_AVAILABILITY = YES_AGGRESSIVE;
				CLANG_WARN_UNREACHABLE_CODE = YES;
				CLANG_WARN__DUPLICATE_METHOD_MATCH = YES;
				CODE_SIGN_IDENTITY = "iPhone Developer";
				COPY_PHASE_STRIP = NO;
				DEBUG_INFORMATION_FORMAT = "dwarf-with-dsym";
				ENABLE_NS_ASSERTIONS = NO;
				ENABLE_STRICT_OBJC_MSGSEND = YES;
				GCC_C_LANGUAGE_STANDARD = gnu11;
				GCC_NO_COMMON_BLOCKS = YES;
				GCC_WARN_64_TO_32_BIT_CONVERSION = YES;
				GCC_WARN_ABOUT_RETURN_TYPE = YES_ERROR;
				GCC_WARN_UNDECLARED_SELECTOR = YES;
				GCC_WARN_UNINITIALIZED_AUTOS = YES_AGGRESSIVE;
				GCC_WARN_UNUSED_FUNCTION = YES;
				GCC_WARN_UNUSED_VARIABLE = YES;
				IPHONEOS_DEPLOYMENT_TARGET = 11.2;
				MTL_ENABLE_DEBUG_INFO = NO;
				SDKROOT = iphoneos;
				SWIFT_OPTIMIZATION_LEVEL = "-Owholemodule";
				VALIDATE_PRODUCT = YES;
			};
			name = Release;
		};
		172012C01FFE7FE200ED98BC /* Debug */ = {
			isa = XCBuildConfiguration;
			baseConfigurationReference = B61C1855264B20B8856C8FDD /* Pods-Todoey.debug.xcconfig */;
			buildSettings = {
				ASSETCATALOG_COMPILER_APPICON_NAME = AppIcon;
				CODE_SIGN_STYLE = Automatic;
				DEVELOPMENT_TEAM = UDCW28VB9U;
				INFOPLIST_FILE = Todoey/Info.plist;
				LD_RUNPATH_SEARCH_PATHS = "$(inherited) @executable_path/Frameworks";
				PRODUCT_BUNDLE_IDENTIFIER = io.magpiedigital.Todoey;
				PRODUCT_NAME = "$(TARGET_NAME)";
				SWIFT_VERSION = 4.0;
				TARGETED_DEVICE_FAMILY = "1,2";
			};
			name = Debug;
		};
		172012C11FFE7FE200ED98BC /* Release */ = {
			isa = XCBuildConfiguration;
			baseConfigurationReference = 6F79A2D1F6A8C8C504254D3A /* Pods-Todoey.release.xcconfig */;
			buildSettings = {
				ASSETCATALOG_COMPILER_APPICON_NAME = AppIcon;
				CODE_SIGN_STYLE = Automatic;
				DEVELOPMENT_TEAM = UDCW28VB9U;
				INFOPLIST_FILE = Todoey/Info.plist;
				LD_RUNPATH_SEARCH_PATHS = "$(inherited) @executable_path/Frameworks";
				PRODUCT_BUNDLE_IDENTIFIER = io.magpiedigital.Todoey;
				PRODUCT_NAME = "$(TARGET_NAME)";
				SWIFT_VERSION = 4.0;
				TARGETED_DEVICE_FAMILY = "1,2";
			};
			name = Release;
		};
/* End XCBuildConfiguration section */

/* Begin XCConfigurationList section */
		172012A81FFE7FE200ED98BC /* Build configuration list for PBXProject "Todoey" */ = {
			isa = XCConfigurationList;
			buildConfigurations = (
				172012BD1FFE7FE200ED98BC /* Debug */,
				172012BE1FFE7FE200ED98BC /* Release */,
			);
			defaultConfigurationIsVisible = 0;
			defaultConfigurationName = Release;
		};
		172012BF1FFE7FE200ED98BC /* Build configuration list for PBXNativeTarget "Todoey" */ = {
			isa = XCConfigurationList;
			buildConfigurations = (
				172012C01FFE7FE200ED98BC /* Debug */,
				172012C11FFE7FE200ED98BC /* Release */,
			);
			defaultConfigurationIsVisible = 0;
			defaultConfigurationName = Release;
		};
/* End XCConfigurationList section */
	};
	rootObject = 172012A51FFE7FE200ED98BC /* Project object */;
}
